[root]
name = "colonize"
version = "0.0.2"
dependencies = [
 "array 0.0.0 (registry+https://github.com/rust-lang/crates.io-index)",
 "colonize-backend 0.0.1",
 "colonize-utility 0.0.1",
 "noise 0.1.2 (registry+https://github.com/rust-lang/crates.io-index)",
 "pistoncore-event 0.0.10 (registry+https://github.com/rust-lang/crates.io-index)",
 "pistoncore-input 0.0.5 (registry+https://github.com/rust-lang/crates.io-index)",
 "pistoncore-window 0.0.12 (registry+https://github.com/rust-lang/crates.io-index)",
 "quack 0.0.13 (registry+https://github.com/rust-lang/crates.io-index)",
 "tcod_window 0.0.3 (registry+https://github.com/rust-lang/crates.io-index)",
]

[[package]]
name = "array"
version = "0.0.0"
source = "registry+https://github.com/rust-lang/crates.io-index"

[[package]]
name = "bitflags"
version = "0.1.1"
source = "registry+https://github.com/rust-lang/crates.io-index"

[[package]]
name = "clock_ticks"
version = "0.0.2"
source = "registry+https://github.com/rust-lang/crates.io-index"

[[package]]
name = "colonize-backend"
version = "0.0.1"
dependencies = [
 "colonize-utility 0.0.1",
 "tcod 0.5.0 (registry+https://github.com/rust-lang/crates.io-index)",
]

[[package]]
name = "colonize-utility"
version = "0.0.1"

[[package]]
name = "libc"
version = "0.1.2"
source = "registry+https://github.com/rust-lang/crates.io-index"

[[package]]
name = "log"
version = "0.2.5"
source = "registry+https://github.com/rust-lang/crates.io-index"

[[package]]
name = "noise"
version = "0.1.2"
source = "registry+https://github.com/rust-lang/crates.io-index"
dependencies = [
 "rand 0.1.3 (registry+https://github.com/rust-lang/crates.io-index)",
]

[[package]]
name = "pistoncore-event"
version = "0.0.10"
source = "registry+https://github.com/rust-lang/crates.io-index"
dependencies = [
 "pistoncore-event_loop 0.0.13 (registry+https://github.com/rust-lang/crates.io-index)",
 "pistoncore-input 0.0.5 (registry+https://github.com/rust-lang/crates.io-index)",
 "pistoncore-window 0.0.12 (registry+https://github.com/rust-lang/crates.io-index)",
]

[[package]]
name = "pistoncore-event_loop"
version = "0.0.13"
source = "registry+https://github.com/rust-lang/crates.io-index"
dependencies = [
 "clock_ticks 0.0.2 (registry+https://github.com/rust-lang/crates.io-index)",
 "pistoncore-window 0.0.12 (registry+https://github.com/rust-lang/crates.io-index)",
 "quack 0.0.13 (registry+https://github.com/rust-lang/crates.io-index)",
]

[[package]]
name = "pistoncore-input"
version = "0.0.5"
source = "registry+https://github.com/rust-lang/crates.io-index"
dependencies = [
 "bitflags 0.1.1 (registry+https://github.com/rust-lang/crates.io-index)",
 "rustc-serialize 0.3.0 (registry+https://github.com/rust-lang/crates.io-index)",
]

[[package]]
name = "pistoncore-window"
version = "0.0.12"
source = "registry+https://github.com/rust-lang/crates.io-index"
dependencies = [
 "pistoncore-input 0.0.5 (registry+https://github.com/rust-lang/crates.io-index)",
 "quack 0.0.13 (registry+https://github.com/rust-lang/crates.io-index)",
]

[[package]]
name = "quack"
version = "0.0.13"
source = "registry+https://github.com/rust-lang/crates.io-index"

[[package]]
name = "rand"
version = "0.1.3"
source = "registry+https://github.com/rust-lang/crates.io-index"
dependencies = [
 "libc 0.1.2 (registry+https://github.com/rust-lang/crates.io-index)",
 "log 0.2.5 (registry+https://github.com/rust-lang/crates.io-index)",
]

[[package]]
name = "rustc-serialize"
version = "0.3.0"
source = "registry+https://github.com/rust-lang/crates.io-index"

[[package]]
name = "tcod"
version = "0.5.0"
source = "registry+https://github.com/rust-lang/crates.io-index"
dependencies = [
 "bitflags 0.1.1 (registry+https://github.com/rust-lang/crates.io-index)",
 "tcod-sys 2.0.5 (registry+https://github.com/rust-lang/crates.io-index)",
]

[[package]]
name = "tcod-sys"
version = "2.0.5"
source = "registry+https://github.com/rust-lang/crates.io-index"

[[package]]
name = "tcod_window"
version = "0.0.3"
source = "registry+https://github.com/rust-lang/crates.io-index"
dependencies = [
 "pistoncore-input 0.0.5 (registry+https://github.com/rust-lang/crates.io-index)",
 "pistoncore-window 0.0.12 (registry+https://github.com/rust-lang/crates.io-index)",
 "quack 0.0.13 (registry+https://github.com/rust-lang/crates.io-index)",
 "tcod 0.5.0 (registry+https://github.com/rust-lang/crates.io-index)",
]

