[root]
name = "colonize"
version = "0.0.1"
dependencies = [
 "colonize-backend 0.0.1",
 "colonize-utility 0.0.1",
 "noise 0.0.3 (git+https://github.com/bjz/noise-rs)",
 "piston3d-gfx_voxel 0.0.1 (git+https://github.com/PistonDevelopers/gfx_voxel)",
 "pistoncore-event 0.0.7 (git+https://github.com/PistonDevelopers/event)",
 "pistoncore-input 0.0.5 (git+https://github.com/PistonDevelopers/input)",
 "pistoncore-window 0.0.5 (git+https://github.com/PistonDevelopers/window)",
 "quack 0.0.8 (git+https://github.com/PistonDevelopers/quack)",
 "tcod_window 0.0.1 (git+https://github.com/indiv0/tcod_window)",
]

[[package]]
name = "bitflags"
version = "0.1.0"
source = "registry+https://github.com/rust-lang/crates.io-index"

[[package]]
name = "clock_ticks"
version = "0.0.2"
source = "git+https://github.com/tomaka/clock_ticks#75347002bc4fee853b385da8d3b50fee1c146aae"

[[package]]
name = "colonize-backend"
version = "0.0.1"
dependencies = [
 "colonize-utility 0.0.1",
 "tcod 0.4.6 (git+https://github.com/tomassedovic/tcod-rs.git)",
]

[[package]]
name = "colonize-utility"
version = "0.0.1"

[[package]]
name = "device"
version = "0.1.0"
source = "git+https://github.com/gfx-rs/gfx-rs#8d2b40e63fec5fb456bf45c32fac799b0f31a989"
dependencies = [
 "bitflags 0.1.0 (registry+https://github.com/rust-lang/crates.io-index)",
 "gfx_gl 0.1.0 (git+https://github.com/gfx-rs/gfx_gl.git)",
 "log 0.2.1 (registry+https://github.com/rust-lang/crates.io-index)",
]

[[package]]
name = "gcc"
version = "0.1.7"
source = "registry+https://github.com/rust-lang/crates.io-index"

[[package]]
name = "gfx"
version = "0.1.0"
source = "git+https://github.com/gfx-rs/gfx-rs#8d2b40e63fec5fb456bf45c32fac799b0f31a989"
dependencies = [
 "device 0.1.0 (git+https://github.com/gfx-rs/gfx-rs)",
 "gfx_macros 0.1.0 (git+https://github.com/gfx-rs/gfx-rs)",
 "log 0.2.1 (registry+https://github.com/rust-lang/crates.io-index)",
 "render 0.1.0 (git+https://github.com/gfx-rs/gfx-rs)",
 "time 0.1.15 (registry+https://github.com/rust-lang/crates.io-index)",
]

[[package]]
name = "gfx_gl"
version = "0.1.0"
source = "git+https://github.com/gfx-rs/gfx_gl.git#d945487cee92d5586214dc8bd21461d992538506"
dependencies = [
 "gl_common 0.0.3 (git+https://github.com/bjz/gl-rs.git)",
 "gl_generator 0.0.13 (git+https://github.com/bjz/gl-rs.git)",
 "khronos_api 0.0.5 (git+https://github.com/bjz/gl-rs.git)",
]

[[package]]
name = "gfx_macros"
version = "0.1.0"
source = "git+https://github.com/gfx-rs/gfx-rs#8d2b40e63fec5fb456bf45c32fac799b0f31a989"

[[package]]
name = "gl_common"
version = "0.0.3"
source = "git+https://github.com/bjz/gl-rs.git#c5303f86a9aac5392bae959b21a8af84e86510e3"

[[package]]
name = "gl_generator"
version = "0.0.13"
source = "git+https://github.com/bjz/gl-rs.git#c5303f86a9aac5392bae959b21a8af84e86510e3"
dependencies = [
 "gl_common 0.0.3 (git+https://github.com/bjz/gl-rs.git)",
 "khronos_api 0.0.5 (git+https://github.com/bjz/gl-rs.git)",
 "log 0.2.1 (registry+https://github.com/rust-lang/crates.io-index)",
 "xml-rs 0.1.16 (registry+https://github.com/rust-lang/crates.io-index)",
]

[[package]]
name = "image"
version = "0.2.0-alpha.8"
source = "git+https://github.com/PistonDevelopers/image#b29d070644cd51f3e33001e58817087cae1dd63d"
dependencies = [
 "num 0.1.10 (git+https://github.com/rust-lang/num)",
]

[[package]]
name = "khronos_api"
version = "0.0.5"
source = "git+https://github.com/bjz/gl-rs.git#c5303f86a9aac5392bae959b21a8af84e86510e3"

[[package]]
name = "libc"
version = "0.1.1"
source = "registry+https://github.com/rust-lang/crates.io-index"

[[package]]
name = "log"
version = "0.2.1"
source = "registry+https://github.com/rust-lang/crates.io-index"

[[package]]
name = "noise"
version = "0.0.3"
source = "git+https://github.com/bjz/noise-rs#a4ff6be38772ce5a3382da6c41850d9ca63da2ca"

[[package]]
name = "num"
version = "0.1.10"
source = "git+https://github.com/rust-lang/num#c05cd530dbc1cc2e56f936524400b368e07ee5cb"
dependencies = [
 "rustc-serialize 0.2.10 (registry+https://github.com/rust-lang/crates.io-index)",
]

[[package]]
name = "piston-gfx_texture"
version = "0.0.2"
source = "git+https://github.com/PistonDevelopers/gfx_texture#7e6eaec79d3e84eb064b724c7ae9a97bf3ec5bbd"
dependencies = [
 "gfx 0.1.0 (git+https://github.com/gfx-rs/gfx-rs)",
 "image 0.2.0-alpha.8 (git+https://github.com/PistonDevelopers/image)",
 "piston-texture 0.0.1 (git+https://github.com/PistonDevelopers/texture)",
]

[[package]]
name = "piston-texture"
version = "0.0.1"
source = "git+https://github.com/PistonDevelopers/texture#0380876cec71e384841d5a06ad32cb462c97be20"

[[package]]
name = "piston3d-gfx_voxel"
version = "0.0.1"
source = "git+https://github.com/PistonDevelopers/gfx_voxel#01d9372d824d9ce2b501981d16da84ce28f223ef"
dependencies = [
 "gfx 0.1.0 (git+https://github.com/gfx-rs/gfx-rs)",
 "image 0.2.0-alpha.8 (git+https://github.com/PistonDevelopers/image)",
 "piston-gfx_texture 0.0.2 (git+https://github.com/PistonDevelopers/gfx_texture)",
 "vecmath 0.0.3 (git+https://github.com/PistonDevelopers/vecmath)",
]

[[package]]
name = "pistoncore-event"
version = "0.0.7"
source = "git+https://github.com/PistonDevelopers/event#ade8ab2956fc4b6d77135f586d390b5e9ad455e4"
dependencies = [
 "pistoncore-event_loop 0.0.7 (git+https://github.com/pistondevelopers/event_loop)",
 "pistoncore-input 0.0.5 (git+https://github.com/PistonDevelopers/input)",
 "pistoncore-window 0.0.5 (git+https://github.com/PistonDevelopers/window)",
]

[[package]]
name = "pistoncore-event_loop"
version = "0.0.7"
source = "git+https://github.com/pistondevelopers/event_loop#21fda1372948f7f1413f975ada86506325395844"
dependencies = [
 "clock_ticks 0.0.2 (git+https://github.com/tomaka/clock_ticks)",
 "quack 0.0.8 (git+https://github.com/PistonDevelopers/quack)",
]

[[package]]
name = "pistoncore-input"
version = "0.0.5"
source = "git+https://github.com/PistonDevelopers/input#ce3ba43c2757b20a8fc5b92e9ec388e927c451dd"
dependencies = [
 "bitflags 0.1.0 (registry+https://github.com/rust-lang/crates.io-index)",
 "rustc-serialize 0.2.10 (registry+https://github.com/rust-lang/crates.io-index)",
]

[[package]]
name = "pistoncore-window"
version = "0.0.5"
source = "git+https://github.com/PistonDevelopers/window#f3c91e7c4ddd4265d80455158bdcc73f80eaebec"
dependencies = [
 "pistoncore-event_loop 0.0.7 (git+https://github.com/pistondevelopers/event_loop)",
 "pistoncore-input 0.0.5 (git+https://github.com/PistonDevelopers/input)",
 "quack 0.0.8 (git+https://github.com/PistonDevelopers/quack)",
]

[[package]]
name = "quack"
version = "0.0.8"
source = "git+https://github.com/PistonDevelopers/quack#c5230baef8e53b51f22c5d1eb2ac6f23b1e9e7ee"

[[package]]
name = "render"
version = "0.1.0"
source = "git+https://github.com/gfx-rs/gfx-rs#8d2b40e63fec5fb456bf45c32fac799b0f31a989"
dependencies = [
 "device 0.1.0 (git+https://github.com/gfx-rs/gfx-rs)",
 "log 0.2.1 (registry+https://github.com/rust-lang/crates.io-index)",
]

[[package]]
name = "rustc-serialize"
version = "0.2.10"
source = "registry+https://github.com/rust-lang/crates.io-index"

[[package]]
name = "tcod"
version = "0.4.6"
source = "git+https://github.com/tomassedovic/tcod-rs.git#6769ad0f1e478d7f45904fc64b86925501ae0057"
dependencies = [
 "bitflags 0.1.0 (registry+https://github.com/rust-lang/crates.io-index)",
 "tcod-sys 2.0.3 (git+https://github.com/tomassedovic/tcod-rs.git)",
]

[[package]]
name = "tcod-sys"
version = "2.0.3"
source = "git+https://github.com/tomassedovic/tcod-rs.git#6769ad0f1e478d7f45904fc64b86925501ae0057"

[[package]]
name = "tcod_window"
version = "0.0.1"
source = "git+https://github.com/indiv0/tcod_window#09632f75f0227a8613cb3a66c0f7ce04022ddf54"
dependencies = [
 "pistoncore-input 0.0.5 (git+https://github.com/PistonDevelopers/input)",
 "pistoncore-window 0.0.5 (git+https://github.com/PistonDevelopers/window)",
 "quack 0.0.8 (git+https://github.com/PistonDevelopers/quack)",
 "tcod 0.4.6 (git+https://github.com/tomassedovic/tcod-rs.git)",
]

[[package]]
name = "time"
version = "0.1.15"
source = "registry+https://github.com/rust-lang/crates.io-index"
dependencies = [
 "gcc 0.1.7 (registry+https://github.com/rust-lang/crates.io-index)",
 "libc 0.1.1 (registry+https://github.com/rust-lang/crates.io-index)",
]

[[package]]
name = "vecmath"
version = "0.0.3"
source = "git+https://github.com/PistonDevelopers/vecmath#3080ca140d4f856b7a6ca44f88208dfacce7809c"

[[package]]
name = "xml-rs"
version = "0.1.16"
source = "registry+https://github.com/rust-lang/crates.io-index"
dependencies = [
 "bitflags 0.1.0 (registry+https://github.com/rust-lang/crates.io-index)",
]

